
Microsoft Visual Studio Solution File, Format Version 12.00
# Visual Studio 15
VisualStudioVersion = 15.0.28010.2048
MinimumVisualStudioVersion = 10.0.40219.1
Project("{9A19103F-16F7-4668-BE54-9A1E7A4F7556}") = "ASPTermProject", "ASPTermProject.csproj", "{A8CB3CD2-65CC-4534-9912-371DAB129C91}"
EndProject
Global
	GlobalSection(SolutionConfigurationPlatforms) = preSolution
		Debug|Any CPU = Debug|Any CPU
		Release|Any CPU = Release|Any CPU
	EndGlobalSection
	GlobalSection(ProjectConfigurationPlatforms) = postSolution
		{A8CB3CD2-65CC-4534-9912-371DAB129C91}.Debug|Any CPU.ActiveCfg = Debug|Any CPU
		{A8CB3CD2-65CC-4534-9912-371DAB129C91}.Debug|Any CPU.Build.0 = Debug|Any CPU
		{A8CB3CD2-65CC-4534-9912-371DAB129C91}.Release|Any CPU.ActiveCfg = Release|Any CPU
		{A8CB3CD2-65CC-4534-9912-371DAB129C91}.Release|Any CPU.Build.0 = Release|Any CPU
	EndGlobalSection
	GlobalSection(SolutionProperties) = preSolution
		HideSolutionNode = FALSE
	EndGlobalSection
	GlobalSection(ExtensibilityGlobals) = postSolution
		SolutionGuid = {E6233E79-72BF-43AF-8FB3-BA8AF6EA643B}
	EndGlobalSection
EndGlobal
